# This file is autogenerated, do not edit; changes may be undone by the next 'dep ensure'.


[[projects]]
  name = "github.com/agext/levenshtein"
  packages = ["."]
  revision = "5f10fee965225ac1eecdc234c09daf5cd9e7f7b6"
  version = "v1.2.1"

[[projects]]
  branch = "master"
  name = "github.com/apparentlymart/go-cidr"
  packages = ["cidr"]
  revision = "2bd8b58cf4275aeb086ade613de226773e29e853"

[[projects]]
  branch = "master"
  name = "github.com/apparentlymart/go-textseg"
  packages = ["textseg"]
  revision = "b836f5c4d331d1945a2fead7188db25432d73b69"

[[projects]]
  branch = "master"
  name = "github.com/armon/go-radix"
  packages = ["."]
  revision = "1fca145dffbcaa8fe914309b1ec0cfc67500fe61"

[[projects]]
  branch = "master"
  name = "github.com/aws/aws-sdk-go"
  packages = [
    "aws",
    "aws/awserr",
    "aws/awsutil",
    "aws/client",
    "aws/client/metadata",
    "aws/corehandlers",
    "aws/credentials",
    "aws/credentials/ec2rolecreds",
    "aws/credentials/endpointcreds",
    "aws/credentials/stscreds",
    "aws/csm",
    "aws/defaults",
    "aws/ec2metadata",
    "aws/endpoints",
    "aws/request",
    "aws/session",
    "aws/signer/v4",
    "internal/sdkio",
    "internal/sdkrand",
    "internal/shareddefaults",
    "private/protocol",
    "private/protocol/eventstream",
    "private/protocol/eventstream/eventstreamapi",
    "private/protocol/query",
    "private/protocol/query/queryutil",
    "private/protocol/rest",
    "private/protocol/restxml",
    "private/protocol/xml/xmlutil",
    "service/s3",
    "service/sts"
  ]
  revision = "50ba1dfe47983b15b160b66c730a3b93d2961f8e"

[[projects]]
  branch = "master"
  name = "github.com/bgentry/go-netrc"
  packages = ["netrc"]
  revision = "9fd32a8b3d3d3f9d43c341bfe098430e07609480"

[[projects]]
  name = "github.com/bgentry/speakeasy"
  packages = ["."]
  revision = "4aabc24848ce5fd31929f7d1e4ea74d3709c14cd"
  version = "v0.1.0"

[[projects]]
  branch = "master"
  name = "github.com/blang/semver"
  packages = ["."]
  revision = "c5e971dbed7850a93c23aa6ff69db5771d8e23b3"

[[projects]]
  branch = "master"
  name = "github.com/davecgh/go-spew"
  packages = ["spew"]
  revision = "8991bc29aa16c548c550c7ff78260e27b9ab7c73"

[[projects]]
  branch = "master"
  name = "github.com/fatih/color"
  packages = ["."]
  revision = "2d684516a8861da43017284349b7e303e809ac21"

[[projects]]
  name = "github.com/go-ini/ini"
  packages = ["."]
  revision = "06f5f3d67269ccec1fe5fe4134ba6e982984f7f5"
  version = "v1.37.0"

[[projects]]
  name = "github.com/golang/protobuf"
  packages = [
    "proto",
    "ptypes",
    "ptypes/any",
    "ptypes/duration",
    "ptypes/timestamp"
  ]
  revision = "bbd03ef6da3a115852eaf24c8a1c46aeb39aa175"

[[projects]]
  branch = "master"
  name = "github.com/hashicorp/errwrap"
  packages = ["."]
  revision = "7554cd9344cec97297fa6649b055a8c98c2a1e55"

[[projects]]
  branch = "master"
  name = "github.com/hashicorp/go-cleanhttp"
  packages = ["."]
  revision = "d5fe4b57a186c716b0e00b8c301cbd9b4182694d"

[[projects]]
  branch = "master"
  name = "github.com/hashicorp/go-getter"
  packages = [
    ".",
    "helper/url"
  ]
  revision = "3f60ec5cfbb2a39731571b9ddae54b303bb0a969"

[[projects]]
  branch = "master"
  name = "github.com/hashicorp/go-hclog"
  packages = ["."]
  revision = "69ff559dc25f3b435631604f573a5fa1efdb6433"

[[projects]]
  branch = "master"
  name = "github.com/hashicorp/go-multierror"
  packages = ["."]
  revision = "b7773ae218740a7be65057fc60b366a49b538a44"

[[projects]]
  branch = "master"
  name = "github.com/hashicorp/go-plugin"
  packages = ["."]
  revision = "e8d22c780116115ae5624720c9af0c97afe4f551"

[[projects]]
  branch = "master"
  name = "github.com/hashicorp/go-safetemp"
  packages = ["."]
  revision = "b1a1dbde6fdc11e3ae79efd9039009e22d4ae240"

[[projects]]
  branch = "master"
  name = "github.com/hashicorp/go-uuid"
  packages = ["."]
  revision = "27454136f0364f2d44b1276c552d69105cf8c498"

[[projects]]
  name = "github.com/hashicorp/go-version"
  packages = ["."]
  revision = "4fe82ae3040f80a03d04d2cccb5606a626b8e1ee"

[[projects]]
  branch = "master"
  name = "github.com/hashicorp/hcl"
  packages = [
    ".",
    "hcl/ast",
    "hcl/parser",
    "hcl/scanner",
    "hcl/strconv",
    "hcl/token",
    "json/parser",
    "json/scanner",
    "json/token"
  ]
  revision = "ef8a98b0bbce4a65b5aa4c368430a80ddc533168"

[[projects]]
  branch = "master"
  name = "github.com/hashicorp/hcl2"
  packages = [
    "gohcl",
    "hcl",
    "hcl/hclsyntax",
    "hcl/json",
    "hcldec",
    "hclparse"
  ]
  revision = "36446359d27574bf110611001414da561731b62d"

[[projects]]
  branch = "master"
  name = "github.com/hashicorp/hil"
  packages = [
    ".",
    "ast",
    "parser",
    "scanner"
  ]
  revision = "fa9f258a92500514cc8e9c67020487709df92432"

[[projects]]
  branch = "master"
  name = "github.com/hashicorp/logutils"
  packages = ["."]
  revision = "0dc08b1671f34c4250ce212759ebd880f743d883"

[[projects]]
  name = "github.com/hashicorp/terraform"
  packages = [
    "config",
    "config/configschema",
    "config/hcl2shim",
    "config/module",
    "dag",
    "flatmap",
    "helper/config",
    "helper/hashcode",
    "helper/hilmapstructure",
    "helper/logging",
    "helper/mutexkv",
    "helper/resource",
    "helper/schema",
    "httpclient",
    "moduledeps",
    "plugin",
    "plugin/discovery",
    "registry",
    "registry/regsrc",
    "registry/response",
    "svchost",
    "svchost/auth",
    "svchost/disco",
    "terraform",
    "tfdiags",
    "version"
  ]
  revision = "41e50bd32a8825a84535e353c3674af8ce799161"
  version = "v0.11.7"

[[projects]]
  name = "github.com/hashicorp/yamux"
  packages = ["."]
  revision = "683f49123a33db61abfb241b7ac5e4af4dc54d55"

[[projects]]
  name = "github.com/jmespath/go-jmespath"
  packages = ["."]
  revision = "0b12d6b5"

[[projects]]
  name = "github.com/mattn/go-colorable"
  packages = ["."]
  revision = "167de6bfdfba052fa6b2d3664c8f5272e23c9072"
  version = "v0.0.9"

[[projects]]
  name = "github.com/mattn/go-isatty"
  packages = ["."]
  revision = "0360b2af4f38e8d38c7fce2a9f4e702702d73a39"
  version = "v0.0.3"

[[projects]]
  branch = "master"
  name = "github.com/mitchellh/cli"
  packages = ["."]
  revision = "c48282d14eba4b0817ddef3f832ff8d13851aefd"

[[projects]]
  branch = "master"
  name = "github.com/mitchellh/copystructure"
  packages = ["."]
  revision = "d23ffcb85de31694d6ccaa23ccb4a03e55c1303f"

[[projects]]
  branch = "master"
  name = "github.com/mitchellh/go-homedir"
  packages = ["."]
  revision = "3864e76763d94a6df2f9960b16a20a33da9f9a66"

[[projects]]
  branch = "master"
  name = "github.com/mitchellh/go-testing-interface"
  packages = ["."]
  revision = "a61a99592b77c9ba629d254a693acffaeb4b7e28"

[[projects]]
  branch = "master"
  name = "github.com/mitchellh/go-wordwrap"
  packages = ["."]
  revision = "ad45545899c7b13c020ea92b2072220eefad42b8"

[[projects]]
  branch = "master"
  name = "github.com/mitchellh/hashstructure"
  packages = ["."]
  revision = "2bca23e0e452137f789efbc8610126fd8b94f73b"

[[projects]]
  name = "github.com/mitchellh/mapstructure"
  packages = ["."]
  revision = "a4e142e9c047c904fa2f1e144d9a84e6133024bc"

[[projects]]
  branch = "master"
  name = "github.com/mitchellh/reflectwalk"
  packages = ["."]
  revision = "63d60e9d0dbc60cf9164e6510889b0db6683d98c"

[[projects]]
  branch = "master"
  name = "github.com/oklog/run"
  packages = ["."]
  revision = "6934b124db28979da51d3470dadfa34d73d72652"

[[projects]]
  branch = "master"
  name = "github.com/posener/complete"
  packages = [
    ".",
    "cmd",
    "cmd/install",
    "match"
  ]
  revision = "e037c22b2fcfa85e74495388f03892ed194bba76"

[[projects]]
  name = "github.com/sandwichcloud/deli-cli"
  packages = [
    "api",
    "api/client",
    "api/client/auth",
    "api/client/flavor",
    "api/client/image",
    "api/client/instance",
    "api/client/keypair",
    "api/client/network",
    "api/client/permission",
    "api/client/policy",
    "api/client/project",
    "api/client/region",
    "api/client/role",
    "api/client/serviceAccount",
    "api/client/volume",
    "api/client/zone"
  ]
  revision = "db7a675158fff59c14a6bf852bf8e2273e2ea999"
  version = "0.0.32"

[[projects]]
  name = "github.com/satori/go.uuid"
  packages = ["."]
  revision = "f58768cc1a7a7e77a3bd49e98cdd21419399b6a3"
  version = "v1.2.0"

[[projects]]
  name = "github.com/ulikunitz/xz"
  packages = [
    ".",
    "internal/hash",
    "internal/xlog",
    "lzma"
  ]
  revision = "0c6b41e72360850ca4f98dc341fd999726ea007f"
  version = "v0.5.4"

[[projects]]
  branch = "master"
  name = "github.com/zclconf/go-cty"
  packages = [
    "cty",
    "cty/convert",
    "cty/function",
    "cty/function/stdlib",
    "cty/gocty",
    "cty/json",
    "cty/set"
  ]
  revision = "c96d660229f9ad0a16eb5869819ea51e1ed49896"

[[projects]]
  name = "golang.org/x/crypto"
  packages = [
    "bcrypt",
    "blowfish",
    "cast5",
    "openpgp",
    "openpgp/armor",
    "openpgp/elgamal",
    "openpgp/errors",
    "openpgp/packet",
    "openpgp/s2k"
  ]
  revision = "5119cf507ed5294cc409c092980c7497ee5d6fd2"

[[projects]]
  name = "golang.org/x/net"
  packages = [
    "context",
    "context/ctxhttp",
    "html",
    "html/atom",
    "http2",
    "http2/hpack",
    "idna",
    "internal/timeseries",
    "lex/httplex",
    "trace"
  ]
  revision = "f5dfe339be1d06f81b22525fe34671ee7d2c8904"

[[projects]]
  name = "golang.org/x/oauth2"
  packages = [
    ".",
    "internal"
  ]
  revision = "543e37812f10c46c622c9575afd7ad22f22a12ba"

[[projects]]
  name = "golang.org/x/sys"
  packages = ["unix"]
  revision = "37707fdb30a5b38865cfb95e5aab41707daec7fd"

[[projects]]
  name = "golang.org/x/text"
  packages = [
    "collate",
    "collate/build",
    "internal/colltab",
    "internal/gen",
    "internal/tag",
    "internal/triegen",
    "internal/ucd",
    "language",
    "secure/bidirule",
    "transform",
    "unicode/bidi",
    "unicode/cldr",
    "unicode/norm",
    "unicode/rangetable"
  ]
  revision = "4e4a3210bb54bb31f6ab2cdca2edcc0b50c420c1"

[[projects]]
  name = "google.golang.org/appengine"
  packages = [
    "internal",
    "internal/base",
    "internal/datastore",
    "internal/log",
    "internal/remote_api",
    "internal/urlfetch",
    "urlfetch"
  ]
  revision = "5bee14b453b4c71be47ec1781b0fa61c2ea182db"

[[projects]]
  branch = "master"
  name = "google.golang.org/genproto"
  packages = ["googleapis/rpc/status"]
  revision = "80063a038e333bbe006c878e4c5ce4c74d055498"

[[projects]]
  branch = "master"
  name = "google.golang.org/grpc"
  packages = [
    ".",
    "balancer",
    "balancer/base",
    "balancer/roundrobin",
    "codes",
    "connectivity",
    "credentials",
    "encoding",
    "encoding/proto",
    "grpclog",
    "health",
    "health/grpc_health_v1",
    "internal",
    "internal/backoff",
    "internal/channelz",
    "internal/grpcrand",
    "keepalive",
    "metadata",
    "naming",
    "peer",
    "resolver",
    "resolver/dns",
    "resolver/passthrough",
    "stats",
    "status",
    "tap",
    "transport"
  ]
  revision = "f1ab7acf3f0b8e779bc3592e7e9728cd2fd20402"

[solve-meta]
  analyzer-name = "dep"
  analyzer-version = 1
  inputs-digest = "0e5ae4dfbdba1967cb3506d20817c9009f6f01831ff20358e0e6734d753dede8"
  solver-name = "gps-cdcl"
  solver-version = 1
